
Microsoft Visual Studio Solution File, Format Version 12.00
# Visual Studio Version 16
VisualStudioVersion = 16.0.29306.81
MinimumVisualStudioVersion = 10.0.40219.1
Project("{FAE04EC0-301F-11D3-BF4B-00C04F79EFBC}") = "Serial_Communication", "Serial_Communication.csproj", "{A4AF02A0-A4F7-4A58-A956-4D1A744E538A}"
EndProject
Global
	GlobalSection(SolutionConfigurationPlatforms) = preSolution
		Debug|Any CPU = Debug|Any CPU
		Release|Any CPU = Release|Any CPU
	EndGlobalSection
	GlobalSection(ProjectConfigurationPlatforms) = postSolution
		{A4AF02A0-A4F7-4A58-A956-4D1A744E538A}.Debug|Any CPU.ActiveCfg = Debug|Any CPU
		{A4AF02A0-A4F7-4A58-A956-4D1A744E538A}.Debug|Any CPU.Build.0 = Debug|Any CPU
		{A4AF02A0-A4F7-4A58-A956-4D1A744E538A}.Release|Any CPU.ActiveCfg = Release|Any CPU
		{A4AF02A0-A4F7-4A58-A956-4D1A744E538A}.Release|Any CPU.Build.0 = Release|Any CPU
	EndGlobalSection
	GlobalSection(SolutionProperties) = preSolution
		HideSolutionNode = FALSE
	EndGlobalSection
	GlobalSection(ExtensibilityGlobals) = postSolution
		SolutionGuid = {11E77261-2370-408E-9E26-8E253E4EFB10}
	EndGlobalSection
EndGlobal
