
Microsoft Visual Studio Solution File, Format Version 11.00
# Visual Studio 2010
Project("{FAE04EC0-301F-11D3-BF4B-00C04F79EFBC}") = "AnalogClock", "csharpinjavascript\AnalogClock.csproj", "{D5DD4FD9-4FDF-497A-8331-5A7E5C8F0BF4}"
EndProject
Global
	GlobalSection(SolutionConfigurationPlatforms) = preSolution
		Debug|x86 = Debug|x86
		Release|x86 = Release|x86
	EndGlobalSection
	GlobalSection(ProjectConfigurationPlatforms) = postSolution
		{D5DD4FD9-4FDF-497A-8331-5A7E5C8F0BF4}.Debug|x86.ActiveCfg = Debug|x86
		{D5DD4FD9-4FDF-497A-8331-5A7E5C8F0BF4}.Debug|x86.Build.0 = Debug|x86
		{D5DD4FD9-4FDF-497A-8331-5A7E5C8F0BF4}.Release|x86.ActiveCfg = Release|x86
		{D5DD4FD9-4FDF-497A-8331-5A7E5C8F0BF4}.Release|x86.Build.0 = Release|x86
	EndGlobalSection
	GlobalSection(SolutionProperties) = preSolution
		HideSolutionNode = FALSE
	EndGlobalSection
EndGlobal
